
Microsoft Visual Studio Solution File, Format Version 12.00
# Visual Studio Version 16
VisualStudioVersion = 16.0.31025.194
MinimumVisualStudioVersion = 10.0.40219.1
Project("{FAE04EC0-301F-11D3-BF4B-00C04F79EFBC}") = "exercicio14", "exercicio14\exercicio14.csproj", "{8378F4C5-C0CE-4638-9C9A-FB5B7ADBC146}"
EndProject
Global
	GlobalSection(SolutionConfigurationPlatforms) = preSolution
		Debug|Any CPU = Debug|Any CPU
		Release|Any CPU = Release|Any CPU
	EndGlobalSection
	GlobalSection(ProjectConfigurationPlatforms) = postSolution
		{8378F4C5-C0CE-4638-9C9A-FB5B7ADBC146}.Debug|Any CPU.ActiveCfg = Debug|Any CPU
		{8378F4C5-C0CE-4638-9C9A-FB5B7ADBC146}.Debug|Any CPU.Build.0 = Debug|Any CPU
		{8378F4C5-C0CE-4638-9C9A-FB5B7ADBC146}.Release|Any CPU.ActiveCfg = Release|Any CPU
		{8378F4C5-C0CE-4638-9C9A-FB5B7ADBC146}.Release|Any CPU.Build.0 = Release|Any CPU
	EndGlobalSection
	GlobalSection(SolutionProperties) = preSolution
		HideSolutionNode = FALSE
	EndGlobalSection
	GlobalSection(ExtensibilityGlobals) = postSolution
		SolutionGuid = {5709C3AA-F36E-4688-B40D-4914B2A32ABC}
	EndGlobalSection
EndGlobal
