
Microsoft Visual Studio Solution File, Format Version 12.00
# Visual Studio Version 16
VisualStudioVersion = 16.0.31025.194
MinimumVisualStudioVersion = 10.0.40219.1
Project("{FAE04EC0-301F-11D3-BF4B-00C04F79EFBC}") = "exercicio10", "exercicio10\exercicio10.csproj", "{67097A40-F393-4FC3-B717-8715FDDEBFA4}"
EndProject
Global
	GlobalSection(SolutionConfigurationPlatforms) = preSolution
		Debug|Any CPU = Debug|Any CPU
		Release|Any CPU = Release|Any CPU
	EndGlobalSection
	GlobalSection(ProjectConfigurationPlatforms) = postSolution
		{67097A40-F393-4FC3-B717-8715FDDEBFA4}.Debug|Any CPU.ActiveCfg = Debug|Any CPU
		{67097A40-F393-4FC3-B717-8715FDDEBFA4}.Debug|Any CPU.Build.0 = Debug|Any CPU
		{67097A40-F393-4FC3-B717-8715FDDEBFA4}.Release|Any CPU.ActiveCfg = Release|Any CPU
		{67097A40-F393-4FC3-B717-8715FDDEBFA4}.Release|Any CPU.Build.0 = Release|Any CPU
	EndGlobalSection
	GlobalSection(SolutionProperties) = preSolution
		HideSolutionNode = FALSE
	EndGlobalSection
	GlobalSection(ExtensibilityGlobals) = postSolution
		SolutionGuid = {7296F946-FF6F-46A0-815D-30990B7DC57D}
	EndGlobalSection
EndGlobal
