
Microsoft Visual Studio Solution File, Format Version 12.00
# Visual Studio Version 16
VisualStudioVersion = 16.0.31129.286
MinimumVisualStudioVersion = 10.0.40219.1
Project("{FAE04EC0-301F-11D3-BF4B-00C04F79EFBC}") = "Ex9", "Ex9\Ex9.csproj", "{531BC06A-B124-418C-BFF6-28DD0A0CF8DA}"
EndProject
Global
	GlobalSection(SolutionConfigurationPlatforms) = preSolution
		Debug|Any CPU = Debug|Any CPU
		Release|Any CPU = Release|Any CPU
	EndGlobalSection
	GlobalSection(ProjectConfigurationPlatforms) = postSolution
		{531BC06A-B124-418C-BFF6-28DD0A0CF8DA}.Debug|Any CPU.ActiveCfg = Debug|Any CPU
		{531BC06A-B124-418C-BFF6-28DD0A0CF8DA}.Debug|Any CPU.Build.0 = Debug|Any CPU
		{531BC06A-B124-418C-BFF6-28DD0A0CF8DA}.Release|Any CPU.ActiveCfg = Release|Any CPU
		{531BC06A-B124-418C-BFF6-28DD0A0CF8DA}.Release|Any CPU.Build.0 = Release|Any CPU
	EndGlobalSection
	GlobalSection(SolutionProperties) = preSolution
		HideSolutionNode = FALSE
	EndGlobalSection
	GlobalSection(ExtensibilityGlobals) = postSolution
		SolutionGuid = {A1B3108A-FBDC-4FDF-95CB-73A51DA3C067}
	EndGlobalSection
EndGlobal
